[root]
name = "rusteroids"
version = "0.1.0"
dependencies = [
 "gl 0.0.1 (git+https://github.com/bjz/gl-rs#1e5015c213472db00b98145d4dff9d2be9ed6502)",
 "glfw 0.0.1 (git+https://github.com/bjz/glfw-rs#e67b8c343fca0180fade23bf3f98413be8d2fecd)",
]

[[package]]
name = "gl"
version = "0.0.1"
source = "git+https://github.com/bjz/gl-rs#1e5015c213472db00b98145d4dff9d2be9ed6502"
dependencies = [
 "gl_generator 0.0.1 (git+https://github.com/bjz/gl-rs#1e5015c213472db00b98145d4dff9d2be9ed6502)",
]

[[package]]
name = "gl_generator"
version = "0.0.1"
source = "git+https://github.com/bjz/gl-rs#1e5015c213472db00b98145d4dff9d2be9ed6502"
dependencies = [
 "khronos_api 0.0.1 (git+https://github.com/bjz/gl-rs#1e5015c213472db00b98145d4dff9d2be9ed6502)",
 "rust-xml 0.1.0 (git+https://github.com/netvl/rust-xml#a0874f1f685e8ba7235855c54997295cb0a4b68a)",
]

[[package]]
name = "glfw"
version = "0.0.1"
source = "git+https://github.com/bjz/glfw-rs#e67b8c343fca0180fade23bf3f98413be8d2fecd"
dependencies = [
 "link_glfw 0.1.0 (git+https://github.com/bjz/glfw-rs#e67b8c343fca0180fade23bf3f98413be8d2fecd)",
 "semver 0.0.1 (git+https://github.com/rust-lang/semver#c78b40d7fdf8acd99b503e6ce394fbcf9eb8982f)",
]

[[package]]
name = "khronos_api"
version = "0.0.1"
source = "git+https://github.com/bjz/gl-rs#1e5015c213472db00b98145d4dff9d2be9ed6502"

[[package]]
name = "link_glfw"
version = "0.1.0"
source = "git+https://github.com/bjz/glfw-rs#e67b8c343fca0180fade23bf3f98413be8d2fecd"

[[package]]
name = "rust-xml"
version = "0.1.0"
source = "git+https://github.com/netvl/rust-xml#a0874f1f685e8ba7235855c54997295cb0a4b68a"

[[package]]
name = "semver"
version = "0.0.1"
source = "git+https://github.com/rust-lang/semver#c78b40d7fdf8acd99b503e6ce394fbcf9eb8982f"

